// !$*UTF8*$!
{
	archiveVersion = 1;
	classes = {
	};
	objectVersion = 48;
	objects = {

/* Begin PBXBuildFile section */
		53075D531F84546E00B0E177 /* TableViewController.swift in Sources */ = {isa = PBXBuildFile; fileRef = 53075D521F84546E00B0E177 /* TableViewController.swift */; };
		5309102C1F914A4A0082CB3E /* CompraLib.xcdatamodeld in Sources */ = {isa = PBXBuildFile; fileRef = 5309102A1F914A4A0082CB3E /* CompraLib.xcdatamodeld */; };
		530910301F914D590082CB3E /* UIViewController+CoreData.swift in Sources */ = {isa = PBXBuildFile; fileRef = 5309102F1F914D590082CB3E /* UIViewController+CoreData.swift */; };
		530910321F9150DA0082CB3E /* Settings.bundle in Resources */ = {isa = PBXBuildFile; fileRef = 530910311F9150DA0082CB3E /* Settings.bundle */; };
		530910341F9157980082CB3E /* ProdutoRegisterViewController.swift in Sources */ = {isa = PBXBuildFile; fileRef = 530910331F9157980082CB3E /* ProdutoRegisterViewController.swift */; };
		530910361F9168CB0082CB3E /* EstadoRegisterViewController.swift in Sources */ = {isa = PBXBuildFile; fileRef = 530910351F9168CB0082CB3E /* EstadoRegisterViewController.swift */; };
		539EFC021F9570AE00D12295 /* ProdutoViewCell.swift in Sources */ = {isa = PBXBuildFile; fileRef = 539EFC011F9570AE00D12295 /* ProdutoViewCell.swift */; };
		539EFC041F96C5AE00D12295 /* TotalViewController.swift in Sources */ = {isa = PBXBuildFile; fileRef = 539EFC031F96C5AE00D12295 /* TotalViewController.swift */; };
		53CBD5A31F818A6700E32555 /* AppDelegate.swift in Sources */ = {isa = PBXBuildFile; fileRef = 53CBD5A21F818A6700E32555 /* AppDelegate.swift */; };
		53CBD5A51F818A6700E32555 /* ViewController.swift in Sources */ = {isa = PBXBuildFile; fileRef = 53CBD5A41F818A6700E32555 /* ViewController.swift */; };
		53CBD5A81F818A6700E32555 /* Main.storyboard in Resources */ = {isa = PBXBuildFile; fileRef = 53CBD5A61F818A6700E32555 /* Main.storyboard */; };
		53CBD5AA1F818A6700E32555 /* Assets.xcassets in Resources */ = {isa = PBXBuildFile; fileRef = 53CBD5A91F818A6700E32555 /* Assets.xcassets */; };
		53CBD5AD1F818A6700E32555 /* LaunchScreen.storyboard in Resources */ = {isa = PBXBuildFile; fileRef = 53CBD5AB1F818A6700E32555 /* LaunchScreen.storyboard */; };
/* End PBXBuildFile section */

/* Begin PBXFileReference section */
		53075D521F84546E00B0E177 /* TableViewController.swift */ = {isa = PBXFileReference; lastKnownFileType = sourcecode.swift; path = TableViewController.swift; sourceTree = "<group>"; };
		5309102B1F914A4A0082CB3E /* CompraLib.xcdatamodel */ = {isa = PBXFileReference; lastKnownFileType = wrapper.xcdatamodel; path = CompraLib.xcdatamodel; sourceTree = "<group>"; };
		5309102F1F914D590082CB3E /* UIViewController+CoreData.swift */ = {isa = PBXFileReference; lastKnownFileType = sourcecode.swift; path = "UIViewController+CoreData.swift"; sourceTree = "<group>"; };
		530910311F9150DA0082CB3E /* Settings.bundle */ = {isa = PBXFileReference; lastKnownFileType = "wrapper.plug-in"; path = Settings.bundle; sourceTree = "<group>"; };
		530910331F9157980082CB3E /* ProdutoRegisterViewController.swift */ = {isa = PBXFileReference; lastKnownFileType = sourcecode.swift; path = ProdutoRegisterViewController.swift; sourceTree = "<group>"; };
		530910351F9168CB0082CB3E /* EstadoRegisterViewController.swift */ = {isa = PBXFileReference; lastKnownFileType = sourcecode.swift; path = EstadoRegisterViewController.swift; sourceTree = "<group>"; };
		5373DB251F9B8BD300313AF4 /* produtopad.png */ = {isa = PBXFileReference; lastKnownFileType = image.png; path = produtopad.png; sourceTree = "<group>"; };
		539EFC011F9570AE00D12295 /* ProdutoViewCell.swift */ = {isa = PBXFileReference; lastKnownFileType = sourcecode.swift; path = ProdutoViewCell.swift; sourceTree = "<group>"; };
		539EFC031F96C5AE00D12295 /* TotalViewController.swift */ = {isa = PBXFileReference; lastKnownFileType = sourcecode.swift; path = TotalViewController.swift; sourceTree = "<group>"; };
		53CBD59F1F818A6700E32555 /* CompraUSARafaelArnosti.app */ = {isa = PBXFileReference; explicitFileType = wrapper.application; includeInIndex = 0; path = CompraUSARafaelArnosti.app; sourceTree = BUILT_PRODUCTS_DIR; };
		53CBD5A21F818A6700E32555 /* AppDelegate.swift */ = {isa = PBXFileReference; lastKnownFileType = sourcecode.swift; path = AppDelegate.swift; sourceTree = "<group>"; };
		53CBD5A41F818A6700E32555 /* ViewController.swift */ = {isa = PBXFileReference; lastKnownFileType = sourcecode.swift; path = ViewController.swift; sourceTree = "<group>"; };
		53CBD5A71F818A6700E32555 /* Base */ = {isa = PBXFileReference; lastKnownFileType = file.storyboard; name = Base; path = Base.lproj/Main.storyboard; sourceTree = "<group>"; };
		53CBD5A91F818A6700E32555 /* Assets.xcassets */ = {isa = PBXFileReference; lastKnownFileType = folder.assetcatalog; path = Assets.xcassets; sourceTree = "<group>"; };
		53CBD5AC1F818A6700E32555 /* Base */ = {isa = PBXFileReference; lastKnownFileType = file.storyboard; name = Base; path = Base.lproj/LaunchScreen.storyboard; sourceTree = "<group>"; };
		53CBD5AE1F818A6700E32555 /* Info.plist */ = {isa = PBXFileReference; lastKnownFileType = text.plist.xml; path = Info.plist; sourceTree = "<group>"; };
		53CBD5B51F81A24D00E32555 /* shopping-bag.png */ = {isa = PBXFileReference; lastKnownFileType = image.png; path = "shopping-bag.png"; sourceTree = "<group>"; };
		53CBD5B61F81A76000E32555 /* mechanical-gears-.png */ = {isa = PBXFileReference; lastKnownFileType = image.png; path = "mechanical-gears-.png"; sourceTree = "<group>"; };
/* End PBXFileReference section */

/* Begin PBXFrameworksBuildPhase section */
		53CBD59C1F818A6700E32555 /* Frameworks */ = {
			isa = PBXFrameworksBuildPhase;
			buildActionMask = 2147483647;
			files = (
			);
			runOnlyForDeploymentPostprocessing = 0;
		};
/* End PBXFrameworksBuildPhase section */

/* Begin PBXGroup section */
		5309102E1F914D310082CB3E /* Extension */ = {
			isa = PBXGroup;
			children = (
				5309102F1F914D590082CB3E /* UIViewController+CoreData.swift */,
			);
			name = Extension;
			sourceTree = "<group>";
		};
		53CBD5961F818A6700E32555 = {
			isa = PBXGroup;
			children = (
				5309102E1F914D310082CB3E /* Extension */,
				53CBD5B41F81A21B00E32555 /* Imagens */,
				53CBD5A11F818A6700E32555 /* CompraUSA */,
				53CBD5A01F818A6700E32555 /* Products */,
			);
			sourceTree = "<group>";
		};
		53CBD5A01F818A6700E32555 /* Products */ = {
			isa = PBXGroup;
			children = (
				53CBD59F1F818A6700E32555 /* CompraUSARafaelArnosti.app */,
			);
			name = Products;
			sourceTree = "<group>";
		};
		53CBD5A11F818A6700E32555 /* CompraUSA */ = {
			isa = PBXGroup;
			children = (
				539EFC011F9570AE00D12295 /* ProdutoViewCell.swift */,
				5309102A1F914A4A0082CB3E /* CompraLib.xcdatamodeld */,
				53CBD5A21F818A6700E32555 /* AppDelegate.swift */,
				530910311F9150DA0082CB3E /* Settings.bundle */,
				53CBD5A41F818A6700E32555 /* ViewController.swift */,
				53CBD5A61F818A6700E32555 /* Main.storyboard */,
				539EFC031F96C5AE00D12295 /* TotalViewController.swift */,
				530910351F9168CB0082CB3E /* EstadoRegisterViewController.swift */,
				530910331F9157980082CB3E /* ProdutoRegisterViewController.swift */,
				53CBD5A91F818A6700E32555 /* Assets.xcassets */,
				53CBD5AB1F818A6700E32555 /* LaunchScreen.storyboard */,
				53CBD5AE1F818A6700E32555 /* Info.plist */,
				53075D521F84546E00B0E177 /* TableViewController.swift */,
			);
			path = CompraUSA;
			sourceTree = "<group>";
		};
		53CBD5B41F81A21B00E32555 /* Imagens */ = {
			isa = PBXGroup;
			children = (
				5373DB251F9B8BD300313AF4 /* produtopad.png */,
				53CBD5B61F81A76000E32555 /* mechanical-gears-.png */,
				53CBD5B51F81A24D00E32555 /* shopping-bag.png */,
			);
			path = Imagens;
			sourceTree = "<group>";
		};
/* End PBXGroup section */

/* Begin PBXNativeTarget section */
		53CBD59E1F818A6700E32555 /* CompraUSARafaelArnosti */ = {
			isa = PBXNativeTarget;
			buildConfigurationList = 53CBD5B11F818A6700E32555 /* Build configuration list for PBXNativeTarget "CompraUSARafaelArnosti" */;
			buildPhases = (
				53CBD59B1F818A6700E32555 /* Sources */,
				53CBD59C1F818A6700E32555 /* Frameworks */,
				53CBD59D1F818A6700E32555 /* Resources */,
			);
			buildRules = (
			);
			dependencies = (
			);
			name = CompraUSARafaelArnosti;
			productName = CompraUSA;
			productReference = 53CBD59F1F818A6700E32555 /* CompraUSARafaelArnosti.app */;
			productType = "com.apple.product-type.application";
		};
/* End PBXNativeTarget section */

/* Begin PBXProject section */
		53CBD5971F818A6700E32555 /* Project object */ = {
			isa = PBXProject;
			attributes = {
				LastSwiftUpdateCheck = 0900;
				LastUpgradeCheck = 0900;
				ORGANIZATIONNAME = rafael;
				TargetAttributes = {
					53CBD59E1F818A6700E32555 = {
						CreatedOnToolsVersion = 9.0;
						ProvisioningStyle = Automatic;
					};
				};
			};
			buildConfigurationList = 53CBD59A1F818A6700E32555 /* Build configuration list for PBXProject "CompraUSARafaelArnosti" */;
			compatibilityVersion = "Xcode 8.0";
			developmentRegion = en;
			hasScannedForEncodings = 0;
			knownRegions = (
				en,
				Base,
			);
			mainGroup = 53CBD5961F818A6700E32555;
			productRefGroup = 53CBD5A01F818A6700E32555 /* Products */;
			projectDirPath = "";
			projectRoot = "";
			targets = (
				53CBD59E1F818A6700E32555 /* CompraUSARafaelArnosti */,
			);
		};
/* End PBXProject section */

/* Begin PBXResourcesBuildPhase section */
		53CBD59D1F818A6700E32555 /* Resources */ = {
			isa = PBXResourcesBuildPhase;
			buildActionMask = 2147483647;
			files = (
				530910321F9150DA0082CB3E /* Settings.bundle in Resources */,
				53CBD5AD1F818A6700E32555 /* LaunchScreen.storyboard in Resources */,
				53CBD5AA1F818A6700E32555 /* Assets.xcassets in Resources */,
				53CBD5A81F818A6700E32555 /* Main.storyboard in Resources */,
			);
			runOnlyForDeploymentPostprocessing = 0;
		};
/* End PBXResourcesBuildPhase section */

/* Begin PBXSourcesBuildPhase section */
		53CBD59B1F818A6700E32555 /* Sources */ = {
			isa = PBXSourcesBuildPhase;
			buildActionMask = 2147483647;
			files = (
				539EFC021F9570AE00D12295 /* ProdutoViewCell.swift in Sources */,
				53CBD5A51F818A6700E32555 /* ViewController.swift in Sources */,
				530910341F9157980082CB3E /* ProdutoRegisterViewController.swift in Sources */,
				530910301F914D590082CB3E /* UIViewController+CoreData.swift in Sources */,
				53075D531F84546E00B0E177 /* TableViewController.swift in Sources */,
				53CBD5A31F818A6700E32555 /* AppDelegate.swift in Sources */,
				530910361F9168CB0082CB3E /* EstadoRegisterViewController.swift in Sources */,
				5309102C1F914A4A0082CB3E /* CompraLib.xcdatamodeld in Sources */,
				539EFC041F96C5AE00D12295 /* TotalViewController.swift in Sources */,
			);
			runOnlyForDeploymentPostprocessing = 0;
		};
/* End PBXSourcesBuildPhase section */

/* Begin PBXVariantGroup section */
		53CBD5A61F818A6700E32555 /* Main.storyboard */ = {
			isa = PBXVariantGroup;
			children = (
				53CBD5A71F818A6700E32555 /* Base */,
			);
			name = Main.storyboard;
			sourceTree = "<group>";
		};
		53CBD5AB1F818A6700E32555 /* LaunchScreen.storyboard */ = {
			isa = PBXVariantGroup;
			children = (
				53CBD5AC1F818A6700E32555 /* Base */,
			);
			name = LaunchScreen.storyboard;
			sourceTree = "<group>";
		};
/* End PBXVariantGroup section */

/* Begin XCBuildConfiguration section */
		53CBD5AF1F818A6700E32555 /* Debug */ = {
			isa = XCBuildConfiguration;
			buildSettings = {
				ALWAYS_SEARCH_USER_PATHS = NO;
				CLANG_ANALYZER_NONNULL = YES;
				CLANG_ANALYZER_NUMBER_OBJECT_CONVERSION = YES_AGGRESSIVE;
				CLANG_CXX_LANGUAGE_STANDARD = "gnu++14";
				CLANG_CXX_LIBRARY = "libc++";
				CLANG_ENABLE_MODULES = YES;
				CLANG_ENABLE_OBJC_ARC = YES;
				CLANG_WARN_BLOCK_CAPTURE_AUTORELEASING = YES;
				CLANG_WARN_BOOL_CONVERSION = YES;
				CLANG_WARN_COMMA = YES;
				CLANG_WARN_CONSTANT_CONVERSION = YES;
				CLANG_WARN_DIRECT_OBJC_ISA_USAGE = YES_ERROR;
				CLANG_WARN_DOCUMENTATION_COMMENTS = YES;
				CLANG_WARN_EMPTY_BODY = YES;
				CLANG_WARN_ENUM_CONVERSION = YES;
				CLANG_WARN_INFINITE_RECURSION = YES;
				CLANG_WARN_INT_CONVERSION = YES;
				CLANG_WARN_NON_LITERAL_NULL_CONVERSION = YES;
				CLANG_WARN_OBJC_LITERAL_CONVERSION = YES;
				CLANG_WARN_OBJC_ROOT_CLASS = YES_ERROR;
				CLANG_WARN_RANGE_LOOP_ANALYSIS = YES;
				CLANG_WARN_STRICT_PROTOTYPES = YES;
				CLANG_WARN_SUSPICIOUS_MOVE = YES;
				CLANG_WARN_UNGUARDED_AVAILABILITY = YES_AGGRESSIVE;
				CLANG_WARN_UNREACHABLE_CODE = YES;
				CLANG_WARN__DUPLICATE_METHOD_MATCH = YES;
				CODE_SIGN_IDENTITY = "iPhone Developer";
				COPY_PHASE_STRIP = NO;
				DEBUG_INFORMATION_FORMAT = dwarf;
				ENABLE_STRICT_OBJC_MSGSEND = YES;
				ENABLE_TESTABILITY = YES;
				GCC_C_LANGUAGE_STANDARD = gnu11;
				GCC_DYNAMIC_NO_PIC = NO;
				GCC_NO_COMMON_BLOCKS = YES;
				GCC_OPTIMIZATION_LEVEL = 0;
				GCC_PREPROCESSOR_DEFINITIONS = (
					"DEBUG=1",
					"$(inherited)",
				);
				GCC_WARN_64_TO_32_BIT_CONVERSION = YES;
				GCC_WARN_ABOUT_RETURN_TYPE = YES_ERROR;
				GCC_WARN_UNDECLARED_SELECTOR = YES;
				GCC_WARN_UNINITIALIZED_AUTOS = YES_AGGRESSIVE;
				GCC_WARN_UNUSED_FUNCTION = YES;
				GCC_WARN_UNUSED_VARIABLE = YES;
				IPHONEOS_DEPLOYMENT_TARGET = 11.0;
				MTL_ENABLE_DEBUG_INFO = YES;
				ONLY_ACTIVE_ARCH = YES;
				SDKROOT = iphoneos;
				SWIFT_ACTIVE_COMPILATION_CONDITIONS = DEBUG;
				SWIFT_OPTIMIZATION_LEVEL = "-Onone";
			};
			name = Debug;
		};
		53CBD5B01F818A6700E32555 /* Release */ = {
			isa = XCBuildConfiguration;
			buildSettings = {
				ALWAYS_SEARCH_USER_PATHS = NO;
				CLANG_ANALYZER_NONNULL = YES;
				CLANG_ANALYZER_NUMBER_OBJECT_CONVERSION = YES_AGGRESSIVE;
				CLANG_CXX_LANGUAGE_STANDARD = "gnu++14";
				CLANG_CXX_LIBRARY = "libc++";
				CLANG_ENABLE_MODULES = YES;
				CLANG_ENABLE_OBJC_ARC = YES;
				CLANG_WARN_BLOCK_CAPTURE_AUTORELEASING = YES;
				CLANG_WARN_BOOL_CONVERSION = YES;
				CLANG_WARN_COMMA = YES;
				CLANG_WARN_CONSTANT_CONVERSION = YES;
				CLANG_WARN_DIRECT_OBJC_ISA_USAGE = YES_ERROR;
				CLANG_WARN_DOCUMENTATION_COMMENTS = YES;
				CLANG_WARN_EMPTY_BODY = YES;
				CLANG_WARN_ENUM_CONVERSION = YES;
				CLANG_WARN_INFINITE_RECURSION = YES;
				CLANG_WARN_INT_CONVERSION = YES;
				CLANG_WARN_NON_LITERAL_NULL_CONVERSION = YES;
				CLANG_WARN_OBJC_LITERAL_CONVERSION = YES;
				CLANG_WARN_OBJC_ROOT_CLASS = YES_ERROR;
				CLANG_WARN_RANGE_LOOP_ANALYSIS = YES;
				CLANG_WARN_STRICT_PROTOTYPES = YES;
				CLANG_WARN_SUSPICIOUS_MOVE = YES;
				CLANG_WARN_UNGUARDED_AVAILABILITY = YES_AGGRESSIVE;
				CLANG_WARN_UNREACHABLE_CODE = YES;
				CLANG_WARN__DUPLICATE_METHOD_MATCH = YES;
				CODE_SIGN_IDENTITY = "iPhone Developer";
				COPY_PHASE_STRIP = NO;
				DEBUG_INFORMATION_FORMAT = "dwarf-with-dsym";
				ENABLE_NS_ASSERTIONS = NO;
				ENABLE_STRICT_OBJC_MSGSEND = YES;
				GCC_C_LANGUAGE_STANDARD = gnu11;
				GCC_NO_COMMON_BLOCKS = YES;
				GCC_WARN_64_TO_32_BIT_CONVERSION = YES;
				GCC_WARN_ABOUT_RETURN_TYPE = YES_ERROR;
				GCC_WARN_UNDECLARED_SELECTOR = YES;
				GCC_WARN_UNINITIALIZED_AUTOS = YES_AGGRESSIVE;
				GCC_WARN_UNUSED_FUNCTION = YES;
				GCC_WARN_UNUSED_VARIABLE = YES;
				IPHONEOS_DEPLOYMENT_TARGET = 11.0;
				MTL_ENABLE_DEBUG_INFO = NO;
				SDKROOT = iphoneos;
				SWIFT_OPTIMIZATION_LEVEL = "-Owholemodule";
				VALIDATE_PRODUCT = YES;
			};
			name = Release;
		};
		53CBD5B21F818A6700E32555 /* Debug */ = {
			isa = XCBuildConfiguration;
			buildSettings = {
				ASSETCATALOG_COMPILER_APPICON_NAME = AppIcon;
				CODE_SIGN_STYLE = Automatic;
				DEVELOPMENT_TEAM = W9ZU5QNY6L;
				INFOPLIST_FILE = CompraUSA/Info.plist;
				LD_RUNPATH_SEARCH_PATHS = "$(inherited) @executable_path/Frameworks";
				PRODUCT_BUNDLE_IDENTIFIER = rafaelarnosti.CompraUSA;
				PRODUCT_NAME = "$(TARGET_NAME)";
				SWIFT_VERSION = 4.0;
				TARGETED_DEVICE_FAMILY = "1,2";
			};
			name = Debug;
		};
		53CBD5B31F818A6700E32555 /* Release */ = {
			isa = XCBuildConfiguration;
			buildSettings = {
				ASSETCATALOG_COMPILER_APPICON_NAME = AppIcon;
				CODE_SIGN_STYLE = Automatic;
				DEVELOPMENT_TEAM = W9ZU5QNY6L;
				INFOPLIST_FILE = CompraUSA/Info.plist;
				LD_RUNPATH_SEARCH_PATHS = "$(inherited) @executable_path/Frameworks";
				PRODUCT_BUNDLE_IDENTIFIER = rafaelarnosti.CompraUSA;
				PRODUCT_NAME = "$(TARGET_NAME)";
				SWIFT_VERSION = 4.0;
				TARGETED_DEVICE_FAMILY = "1,2";
			};
			name = Release;
		};
/* End XCBuildConfiguration section */

/* Begin XCConfigurationList section */
		53CBD59A1F818A6700E32555 /* Build configuration list for PBXProject "CompraUSARafaelArnosti" */ = {
			isa = XCConfigurationList;
			buildConfigurations = (
				53CBD5AF1F818A6700E32555 /* Debug */,
				53CBD5B01F818A6700E32555 /* Release */,
			);
			defaultConfigurationIsVisible = 0;
			defaultConfigurationName = Release;
		};
		53CBD5B11F818A6700E32555 /* Build configuration list for PBXNativeTarget "CompraUSARafaelArnosti" */ = {
			isa = XCConfigurationList;
			buildConfigurations = (
				53CBD5B21F818A6700E32555 /* Debug */,
				53CBD5B31F818A6700E32555 /* Release */,
			);
			defaultConfigurationIsVisible = 0;
			defaultConfigurationName = Release;
		};
/* End XCConfigurationList section */

/* Begin XCVersionGroup section */
		5309102A1F914A4A0082CB3E /* CompraLib.xcdatamodeld */ = {
			isa = XCVersionGroup;
			children = (
				5309102B1F914A4A0082CB3E /* CompraLib.xcdatamodel */,
			);
			currentVersion = 5309102B1F914A4A0082CB3E /* CompraLib.xcdatamodel */;
			path = CompraLib.xcdatamodeld;
			sourceTree = "<group>";
			versionGroupType = wrapper.xcdatamodel;
		};
/* End XCVersionGroup section */
	};
	rootObject = 53CBD5971F818A6700E32555 /* Project object */;
}
